
Microsoft Visual Studio Solution File, Format Version 12.00
# Visual Studio Version 16
VisualStudioVersion = 16.0.30406.217
MinimumVisualStudioVersion = 10.0.40219.1
Project("{FAE04EC0-301F-11D3-BF4B-00C04F79EFBC}") = "GameTimer", "GameTimer\GameTimer.csproj", "{8E056E92-9C06-4EAA-BF86-510A07C9B5E7}"
EndProject
Global
	GlobalSection(SolutionConfigurationPlatforms) = preSolution
		Debug|Any CPU = Debug|Any CPU
		Release|Any CPU = Release|Any CPU
	EndGlobalSection
	GlobalSection(ProjectConfigurationPlatforms) = postSolution
		{8E056E92-9C06-4EAA-BF86-510A07C9B5E7}.Debug|Any CPU.ActiveCfg = Debug|Any CPU
		{8E056E92-9C06-4EAA-BF86-510A07C9B5E7}.Debug|Any CPU.Build.0 = Debug|Any CPU
		{8E056E92-9C06-4EAA-BF86-510A07C9B5E7}.Release|Any CPU.ActiveCfg = Release|Any CPU
		{8E056E92-9C06-4EAA-BF86-510A07C9B5E7}.Release|Any CPU.Build.0 = Release|Any CPU
	EndGlobalSection
	GlobalSection(SolutionProperties) = preSolution
		HideSolutionNode = FALSE
	EndGlobalSection
	GlobalSection(ExtensibilityGlobals) = postSolution
		SolutionGuid = {E8A642C7-36A8-47A4-A3D8-83195B534DF1}
	EndGlobalSection
EndGlobal
